
Microsoft Visual Studio Solution File, Format Version 12.00
# Visual Studio Version 16
VisualStudioVersion = 16.0.31424.327
MinimumVisualStudioVersion = 10.0.40219.1
Project("{FAE04EC0-301F-11D3-BF4B-00C04F79EFBC}") = "Api.TraxWeb", "Api.TraxWeb\Api.TraxWeb.csproj", "{7D009FE3-549C-4CAF-9707-14B278359021}"
EndProject
Project("{FAE04EC0-301F-11D3-BF4B-00C04F79EFBC}") = "Trax.Models.Generic", "Trax.Models.Generic\Trax.Models.Generic.csproj", "{E5FB6235-7C8E-4874-8635-6C37F54EEC49}"
EndProject
Project("{FAE04EC0-301F-11D3-BF4B-00C04F79EFBC}") = "Trax.Framework.identity", "Trax.Framework.identity\Trax.Framework.identity.csproj", "{D6157007-566B-44A1-84B9-B23B15DAB02D}"
EndProject
Project("{FAE04EC0-301F-11D3-BF4B-00C04F79EFBC}") = "Trax.Framework.Generic", "Trax.Framework.Generic\Trax.Framework.Generic.csproj", "{991C2EAC-4273-4830-A0DA-BBE427ECB2C2}"
EndProject
Project("{FAE04EC0-301F-11D3-BF4B-00C04F79EFBC}") = "Trax.Models.Identity", "Trax.Models.Identity\Trax.Models.Identity.csproj", "{2DE235DE-6CBF-4AC4-BC76-8F8E6879B379}"
EndProject
Global
	GlobalSection(SolutionConfigurationPlatforms) = preSolution
		Debug|Any CPU = Debug|Any CPU
		Release|Any CPU = Release|Any CPU
	EndGlobalSection
	GlobalSection(ProjectConfigurationPlatforms) = postSolution
		{7D009FE3-549C-4CAF-9707-14B278359021}.Debug|Any CPU.ActiveCfg = Debug|Any CPU
		{7D009FE3-549C-4CAF-9707-14B278359021}.Debug|Any CPU.Build.0 = Debug|Any CPU
		{7D009FE3-549C-4CAF-9707-14B278359021}.Release|Any CPU.ActiveCfg = Release|Any CPU
		{7D009FE3-549C-4CAF-9707-14B278359021}.Release|Any CPU.Build.0 = Release|Any CPU
		{E5FB6235-7C8E-4874-8635-6C37F54EEC49}.Debug|Any CPU.ActiveCfg = Debug|Any CPU
		{E5FB6235-7C8E-4874-8635-6C37F54EEC49}.Debug|Any CPU.Build.0 = Debug|Any CPU
		{E5FB6235-7C8E-4874-8635-6C37F54EEC49}.Release|Any CPU.ActiveCfg = Release|Any CPU
		{E5FB6235-7C8E-4874-8635-6C37F54EEC49}.Release|Any CPU.Build.0 = Release|Any CPU
		{D6157007-566B-44A1-84B9-B23B15DAB02D}.Debug|Any CPU.ActiveCfg = Debug|Any CPU
		{D6157007-566B-44A1-84B9-B23B15DAB02D}.Debug|Any CPU.Build.0 = Debug|Any CPU
		{D6157007-566B-44A1-84B9-B23B15DAB02D}.Release|Any CPU.ActiveCfg = Release|Any CPU
		{D6157007-566B-44A1-84B9-B23B15DAB02D}.Release|Any CPU.Build.0 = Release|Any CPU
		{991C2EAC-4273-4830-A0DA-BBE427ECB2C2}.Debug|Any CPU.ActiveCfg = Debug|Any CPU
		{991C2EAC-4273-4830-A0DA-BBE427ECB2C2}.Debug|Any CPU.Build.0 = Debug|Any CPU
		{991C2EAC-4273-4830-A0DA-BBE427ECB2C2}.Release|Any CPU.ActiveCfg = Release|Any CPU
		{991C2EAC-4273-4830-A0DA-BBE427ECB2C2}.Release|Any CPU.Build.0 = Release|Any CPU
		{2DE235DE-6CBF-4AC4-BC76-8F8E6879B379}.Debug|Any CPU.ActiveCfg = Debug|Any CPU
		{2DE235DE-6CBF-4AC4-BC76-8F8E6879B379}.Debug|Any CPU.Build.0 = Debug|Any CPU
		{2DE235DE-6CBF-4AC4-BC76-8F8E6879B379}.Release|Any CPU.ActiveCfg = Release|Any CPU
		{2DE235DE-6CBF-4AC4-BC76-8F8E6879B379}.Release|Any CPU.Build.0 = Release|Any CPU
	EndGlobalSection
	GlobalSection(SolutionProperties) = preSolution
		HideSolutionNode = FALSE
	EndGlobalSection
	GlobalSection(ExtensibilityGlobals) = postSolution
		SolutionGuid = {78118765-6B77-4B31-B0D9-FAAFB9865C4A}
	EndGlobalSection
EndGlobal
